{
  "nodes": {
    "nixpkgs": {
      "locked": {
        "lastModified": 1777578337,
        "narHash": "sha256-Ad49moKWeXtKBJNy2ebiTQUEgdLyvGmTeykAQ9xM+Z4=",
        "owner": "NixOS",
        "repo": "nixpkgs",
        "rev": "15f4ee454b1dce334612fa6843b3e05cf546efab",
        "type": "github"
      },
      "original": {
        "owner": "NixOS",
        "ref": "nixos-unstable",
        "repo": "nixpkgs",
        "type": "github"
      }
    },
    "nixpkgs_2": {
      "locked": {
        "lastModified": 1768127708,
        "narHash": "sha256-1Sm77VfZh3mU0F5OqKABNLWxOuDeHIlcFjsXeeiPazs=",
        "owner": "NixOS",
        "repo": "nixpkgs",
        "rev": "ffbc9f8cbaacfb331b6017d5a5abb21a492c9a38",
        "type": "github"
      },
      "original": {
        "owner": "NixOS",
        "ref": "nixos-unstable",
        "repo": "nixpkgs",
        "type": "github"
      }
    },
    "root": {
      "inputs": {
        "nixpkgs": "nixpkgs",
        "src": "src",
        "tracy-nix": "tracy-nix"
      }
    },
    "src": {
      "flake": false,
      "locked": {
        "lastModified": 1777560807,
        "narHash": "sha256-MHnXFEr1sLy7DU82MDkRCb8hzzOew+sJ8zWY9kB1lF0=",
        "ref": "refs/heads/master",
        "rev": "26fc74ac3f0e21345f75d134cb4ac93665e54b43",
        "revCount": 457,
        "submodules": true,
        "type": "git",
        "url": "https://github.com/SanderVocke/shoopdaloop.git"
      },
      "original": {
        "submodules": true,
        "type": "git",
        "url": "https://github.com/SanderVocke/shoopdaloop.git"
      }
    },
    "tracy-nix": {
      "inputs": {
        "nixpkgs": "nixpkgs_2"
      },
      "locked": {
        "lastModified": 1768382859,
        "narHash": "sha256-y6xGY2JES2P1IvhqDm4HBQ8NGEfjITrx70g0AouVKNc=",
        "owner": "SanderVocke",
        "repo": "tracy-nix",
        "rev": "bf885a733768422071dd1db80046372175963c0a",
        "type": "github"
      },
      "original": {
        "owner": "SanderVocke",
        "repo": "tracy-nix",
        "type": "github"
      }
    }
  },
  "root": "root",
  "version": 7
}
