{
  "nodes": {
    "nixpkgs": {
      "locked": {
        "lastModified": 1768127708,
        "narHash": "sha256-1Sm77VfZh3mU0F5OqKABNLWxOuDeHIlcFjsXeeiPazs=",
        "owner": "NixOS",
        "repo": "nixpkgs",
        "rev": "ffbc9f8cbaacfb331b6017d5a5abb21a492c9a38",
        "type": "github"
      },
      "original": {
        "owner": "NixOS",
        "ref": "nixos-unstable",
        "repo": "nixpkgs",
        "type": "github"
      }
    },
    "root": {
      "inputs": {
        "nixpkgs": "nixpkgs",
        "src": "src"
      }
    },
    "src": {
      "flake": false,
      "locked": {
        "lastModified": 1768300556,
        "narHash": "sha256-SQZJVrc5h2QsVdgx+vkM6d/4Xd2eXtGwimMkLSEjH0Q=",
        "path": "/home/sander/dev/shoopdaloop",
        "type": "path"
      },
      "original": {
        "path": "/home/sander/dev/shoopdaloop",
        "type": "path"
      }
    }
  },
  "root": "root",
  "version": 7
}
